
Microsoft Visual Studio Solution File, Format Version 12.00
# Visual Studio 14
VisualStudioVersion = 14.0.24720.0
MinimumVisualStudioVersion = 10.0.40219.1
Project("{8BC9CEB8-8B4A-11D0-8D11-00A0C91BC942}") = "ArmyAntLib", "ArmyAntLib\ArmyAntLib.vcxproj", "{E5EF6311-DA84-4C50-A360-7013E2E1DD4B}"
EndProject
Project("{8BC9CEB8-8B4A-11D0-8D11-00A0C91BC942}") = "Win32LibTest", "Win32LibTest\Win32LibTest.vcxproj", "{EBB1DC15-3728-4663-AEC7-7004220B0703}"
	ProjectSection(ProjectDependencies) = postProject
		{E5EF6311-DA84-4C50-A360-7013E2E1DD4B} = {E5EF6311-DA84-4C50-A360-7013E2E1DD4B}
	EndProjectSection
EndProject
Global
	GlobalSection(SolutionConfigurationPlatforms) = preSolution
		Debug_Static|x64 = Debug_Static|x64
		Debug_Static|x86 = Debug_Static|x86
		Debug|x64 = Debug|x64
		Debug|x86 = Debug|x86
		Release_Static|x64 = Release_Static|x64
		Release_Static|x86 = Release_Static|x86
		Release|x64 = Release|x64
		Release|x86 = Release|x86
	EndGlobalSection
	GlobalSection(ProjectConfigurationPlatforms) = postSolution
		{E5EF6311-DA84-4C50-A360-7013E2E1DD4B}.Debug_Static|x64.ActiveCfg = Debug_Static|x64
		{E5EF6311-DA84-4C50-A360-7013E2E1DD4B}.Debug_Static|x64.Build.0 = Debug_Static|x64
		{E5EF6311-DA84-4C50-A360-7013E2E1DD4B}.Debug_Static|x86.ActiveCfg = Debug_Static|Win32
		{E5EF6311-DA84-4C50-A360-7013E2E1DD4B}.Debug_Static|x86.Build.0 = Debug_Static|Win32
		{E5EF6311-DA84-4C50-A360-7013E2E1DD4B}.Debug|x64.ActiveCfg = Debug|x64
		{E5EF6311-DA84-4C50-A360-7013E2E1DD4B}.Debug|x64.Build.0 = Debug|x64
		{E5EF6311-DA84-4C50-A360-7013E2E1DD4B}.Debug|x86.ActiveCfg = Debug|Win32
		{E5EF6311-DA84-4C50-A360-7013E2E1DD4B}.Debug|x86.Build.0 = Debug|Win32
		{E5EF6311-DA84-4C50-A360-7013E2E1DD4B}.Release_Static|x64.ActiveCfg = Release_Static|x64
		{E5EF6311-DA84-4C50-A360-7013E2E1DD4B}.Release_Static|x64.Build.0 = Release_Static|x64
		{E5EF6311-DA84-4C50-A360-7013E2E1DD4B}.Release_Static|x86.ActiveCfg = Release_Static|Win32
		{E5EF6311-DA84-4C50-A360-7013E2E1DD4B}.Release_Static|x86.Build.0 = Release_Static|Win32
		{E5EF6311-DA84-4C50-A360-7013E2E1DD4B}.Release|x64.ActiveCfg = Release|x64
		{E5EF6311-DA84-4C50-A360-7013E2E1DD4B}.Release|x64.Build.0 = Release|x64
		{E5EF6311-DA84-4C50-A360-7013E2E1DD4B}.Release|x86.ActiveCfg = Release|Win32
		{E5EF6311-DA84-4C50-A360-7013E2E1DD4B}.Release|x86.Build.0 = Release|Win32
		{EBB1DC15-3728-4663-AEC7-7004220B0703}.Debug_Static|x64.ActiveCfg = Debug_Static|x64
		{EBB1DC15-3728-4663-AEC7-7004220B0703}.Debug_Static|x64.Build.0 = Debug_Static|x64
		{EBB1DC15-3728-4663-AEC7-7004220B0703}.Debug_Static|x86.ActiveCfg = Debug_Static|Win32
		{EBB1DC15-3728-4663-AEC7-7004220B0703}.Debug_Static|x86.Build.0 = Debug_Static|Win32
		{EBB1DC15-3728-4663-AEC7-7004220B0703}.Debug|x64.ActiveCfg = Debug|x64
		{EBB1DC15-3728-4663-AEC7-7004220B0703}.Debug|x64.Build.0 = Debug|x64
		{EBB1DC15-3728-4663-AEC7-7004220B0703}.Debug|x86.ActiveCfg = Debug|Win32
		{EBB1DC15-3728-4663-AEC7-7004220B0703}.Debug|x86.Build.0 = Debug|Win32
		{EBB1DC15-3728-4663-AEC7-7004220B0703}.Release_Static|x64.ActiveCfg = Release_Static|x64
		{EBB1DC15-3728-4663-AEC7-7004220B0703}.Release_Static|x64.Build.0 = Release_Static|x64
		{EBB1DC15-3728-4663-AEC7-7004220B0703}.Release_Static|x86.ActiveCfg = Release_Static|Win32
		{EBB1DC15-3728-4663-AEC7-7004220B0703}.Release_Static|x86.Build.0 = Release_Static|Win32
		{EBB1DC15-3728-4663-AEC7-7004220B0703}.Release|x64.ActiveCfg = Release|x64
		{EBB1DC15-3728-4663-AEC7-7004220B0703}.Release|x64.Build.0 = Release|x64
		{EBB1DC15-3728-4663-AEC7-7004220B0703}.Release|x86.ActiveCfg = Release|Win32
		{EBB1DC15-3728-4663-AEC7-7004220B0703}.Release|x86.Build.0 = Release|Win32
	EndGlobalSection
	GlobalSection(SolutionProperties) = preSolution
		HideSolutionNode = FALSE
	EndGlobalSection
EndGlobal
