<?xml version="1.0" encoding="utf-8"?>
<Project ToolsVersion="4.0" xmlns="http://schemas.microsoft.com/developer/msbuild/2003">
  <ItemGroup>
    <Filter Include="1.base">
      <UniqueIdentifier>{579faa00-8746-4de8-afac-92388e276088}</UniqueIdentifier>
    </Filter>
    <Filter Include="2.mainOutput">
      <UniqueIdentifier>{e2c0bc50-5c1d-421a-8e8d-b365683d7b71}</UniqueIdentifier>
    </Filter>
    <Filter Include="4.CRefCode">
      <UniqueIdentifier>{ac785b23-3647-4f04-88a8-206444e89428}</UniqueIdentifier>
    </Filter>
    <Filter Include="3.CppLibCode">
      <UniqueIdentifier>{09386418-a31d-4aae-9a6e-950db72c5a64}</UniqueIdentifier>
    </Filter>
    <Filter Include="2.mainOutput\defination">
      <UniqueIdentifier>{d4c8c1b6-0500-4171-8530-3e167af4d6bb}</UniqueIdentifier>
    </Filter>
    <Filter Include="2.mainOutput\onlyIncludeFile">
      <UniqueIdentifier>{87091049-0cff-4be6-9e99-8f02e1fde1e5}</UniqueIdentifier>
    </Filter>
    <Filter Include="5.Third-party-libraries">
      <UniqueIdentifier>{2c051ef0-4c9f-4b2f-90a6-3de89fbadcea}</UniqueIdentifier>
    </Filter>
    <Filter Include="6.docs">
      <UniqueIdentifier>{b54891ba-0f44-427d-8458-326b09b23eba}</UniqueIdentifier>
    </Filter>
    <Filter Include="3.CppLibCode\templateClasses">
      <UniqueIdentifier>{d5c166c9-3636-4581-90c6-7bf459fd2df2}</UniqueIdentifier>
    </Filter>
  </ItemGroup>
  <ItemGroup>
    <ClInclude Include="base\base.hpp">
      <Filter>1.base</Filter>
    </ClInclude>
    <ClInclude Include="include\C_AAFile.h">
      <Filter>4.CRefCode</Filter>
    </ClInclude>
    <ClInclude Include="include\AAFile.h">
      <Filter>3.CppLibCode</Filter>
    </ClInclude>
    <ClInclude Include="include\AA_end.h">
      <Filter>2.mainOutput\defination</Filter>
    </ClInclude>
    <ClInclude Include="include\AA_start.h">
      <Filter>2.mainOutput\defination</Filter>
    </ClInclude>
    <ClInclude Include="include\AADefine.h">
      <Filter>2.mainOutput\defination</Filter>
    </ClInclude>
    <ClInclude Include="include\C_AADefine.h">
      <Filter>2.mainOutput\defination</Filter>
    </ClInclude>
    <ClInclude Include="ArmyAnt.h">
      <Filter>2.mainOutput\onlyIncludeFile</Filter>
    </ClInclude>
    <ClInclude Include="C_ArmyAnt.h">
      <Filter>2.mainOutput\onlyIncludeFile</Filter>
    </ClInclude>
    <ClInclude Include="include\AAClassPrivateHandle.hpp">
      <Filter>3.CppLibCode\templateClasses</Filter>
    </ClInclude>
    <ClInclude Include="include\AATripleMap.hpp">
      <Filter>3.CppLibCode\templateClasses</Filter>
    </ClInclude>
    <ClInclude Include="include\AAStateMachine.h">
      <Filter>3.CppLibCode</Filter>
    </ClInclude>
    <ClInclude Include="include\AABinary.h">
      <Filter>3.CppLibCode</Filter>
    </ClInclude>
    <ClInclude Include="include\AAAes.h">
      <Filter>3.CppLibCode</Filter>
    </ClInclude>
  </ItemGroup>
  <ItemGroup>
    <ClCompile Include="src\AAFile.cpp">
      <Filter>3.CppLibCode</Filter>
    </ClCompile>
    <ClCompile Include="src\C_AAFile.cpp">
      <Filter>4.CRefCode</Filter>
    </ClCompile>
    <ClCompile Include="src\AAAes.cpp">
      <Filter>3.CppLibCode</Filter>
    </ClCompile>
  </ItemGroup>
  <ItemGroup>
    <None Include="base\build_start.bat">
      <Filter>1.base</Filter>
    </None>
    <None Include="base\build_end.bat">
      <Filter>1.base</Filter>
    </None>
  </ItemGroup>
  <ItemGroup>
    <Text Include="base\ProgrammerRule.txt">
      <Filter>6.docs</Filter>
    </Text>
  </ItemGroup>
</Project>