<?xml version="1.0" encoding="utf-8"?>
<Project ToolsVersion="4.0" xmlns="http://schemas.microsoft.com/developer/msbuild/2003">
  <ItemGroup>
    <Filter Include="00.other-Projects">
      <UniqueIdentifier>{965d74ab-12f3-4afa-9fff-f9a229d841b8}</UniqueIdentifier>
    </Filter>
    <Filter Include="01.base">
      <UniqueIdentifier>{579faa00-8746-4de8-afac-92388e276088}</UniqueIdentifier>
    </Filter>
    <Filter Include="02.Third-party-libraries">
      <UniqueIdentifier>{2c051ef0-4c9f-4b2f-90a6-3de89fbadcea}</UniqueIdentifier>
    </Filter>
    <Filter Include="02.Third-party-libraries\boost">
      <UniqueIdentifier>{cbc60180-7af5-48d9-97bf-f48b2108da1d}</UniqueIdentifier>
    </Filter>
    <Filter Include="02.Third-party-libraries\python3.5.1">
      <UniqueIdentifier>{b46cb657-5ca0-4c67-8739-276d92057925}</UniqueIdentifier>
    </Filter>
    <Filter Include="03.mainOutput">
      <UniqueIdentifier>{e2c0bc50-5c1d-421a-8e8d-b365683d7b71}</UniqueIdentifier>
    </Filter>
    <Filter Include="03.mainOutput\defination">
      <UniqueIdentifier>{d4c8c1b6-0500-4171-8530-3e167af4d6bb}</UniqueIdentifier>
    </Filter>
    <Filter Include="03.mainOutput\onlyIncludeFile">
      <UniqueIdentifier>{87091049-0cff-4be6-9e99-8f02e1fde1e5}</UniqueIdentifier>
    </Filter>
    <Filter Include="04.CppLibCode">
      <UniqueIdentifier>{09386418-a31d-4aae-9a6e-950db72c5a64}</UniqueIdentifier>
    </Filter>
    <Filter Include="04.CppLibCode\cpptools">
      <UniqueIdentifier>{d5c166c9-3636-4581-90c6-7bf459fd2df2}</UniqueIdentifier>
    </Filter>
    <Filter Include="05.CRefCode">
      <UniqueIdentifier>{ac785b23-3647-4f04-88a8-206444e89428}</UniqueIdentifier>
    </Filter>
    <Filter Include="06.JavaRefCode">
      <UniqueIdentifier>{ff4d5be0-281a-4afa-9901-cfa64d85b7a1}</UniqueIdentifier>
    </Filter>
    <Filter Include="07.PythonRefCode">
      <UniqueIdentifier>{22b8189a-0f9d-4041-b1d4-3e8636d0099a}</UniqueIdentifier>
    </Filter>
    <Filter Include="08.CSharpRefCode">
      <UniqueIdentifier>{bcedc29d-8bfb-4ace-ad48-b30cd21ea4ee}</UniqueIdentifier>
    </Filter>
    <Filter Include="0.docs">
      <UniqueIdentifier>{b54891ba-0f44-427d-8458-326b09b23eba}</UniqueIdentifier>
    </Filter>
    <Filter Include="09.SwiftRefCode">
      <UniqueIdentifier>{05c00f0d-f030-4df7-9a9f-043812510688}</UniqueIdentifier>
    </Filter>
  </ItemGroup>
  <ItemGroup>
    <ClInclude Include="base\base.hpp">
      <Filter>01.base</Filter>
    </ClInclude>
    <ClInclude Include="include\C_AAFile.h">
      <Filter>05.CRefCode</Filter>
    </ClInclude>
    <ClInclude Include="include\AAFile.h">
      <Filter>04.CppLibCode</Filter>
    </ClInclude>
    <ClInclude Include="include\AA_end.h">
      <Filter>03.mainOutput\defination</Filter>
    </ClInclude>
    <ClInclude Include="include\AA_start.h">
      <Filter>03.mainOutput\defination</Filter>
    </ClInclude>
    <ClInclude Include="include\AADefine.h">
      <Filter>03.mainOutput\defination</Filter>
    </ClInclude>
    <ClInclude Include="include\C_AADefine.h">
      <Filter>03.mainOutput\defination</Filter>
    </ClInclude>
    <ClInclude Include="ArmyAnt.h">
      <Filter>03.mainOutput\onlyIncludeFile</Filter>
    </ClInclude>
    <ClInclude Include="C_ArmyAnt.h">
      <Filter>03.mainOutput\onlyIncludeFile</Filter>
    </ClInclude>
    <ClInclude Include="include\AAClassPrivateHandle.hpp">
      <Filter>04.CppLibCode\cpptools</Filter>
    </ClInclude>
    <ClInclude Include="include\AATripleMap.hpp">
      <Filter>04.CppLibCode\cpptools</Filter>
    </ClInclude>
    <ClInclude Include="include\AABinary.h">
      <Filter>04.CppLibCode</Filter>
    </ClInclude>
    <ClInclude Include="include\AAAes.h">
      <Filter>04.CppLibCode</Filter>
    </ClInclude>
    <ClInclude Include="include\AAFragment.h">
      <Filter>03.mainOutput\defination</Filter>
    </ClInclude>
    <ClInclude Include="include\AATree.hpp">
      <Filter>04.CppLibCode\cpptools</Filter>
    </ClInclude>
    <ClInclude Include="include\AADigraph.hpp">
      <Filter>04.CppLibCode\cpptools</Filter>
    </ClInclude>
    <ClInclude Include="include\AAStateMachine.hpp">
      <Filter>04.CppLibCode\cpptools</Filter>
    </ClInclude>
    <ClInclude Include="include\AANeuron.hpp">
      <Filter>04.CppLibCode\cpptools</Filter>
    </ClInclude>
    <ClInclude Include="include\AAMessageQueue.h">
      <Filter>04.CppLibCode</Filter>
    </ClInclude>
    <ClInclude Include="externals\boost\boost\align.hpp">
      <Filter>02.Third-party-libraries\boost</Filter>
    </ClInclude>
    <ClInclude Include="externals\boost\boost\aligned_storage.hpp">
      <Filter>02.Third-party-libraries\boost</Filter>
    </ClInclude>
    <ClInclude Include="externals\boost\boost\any.hpp">
      <Filter>02.Third-party-libraries\boost</Filter>
    </ClInclude>
    <ClInclude Include="externals\boost\boost\array.hpp">
      <Filter>02.Third-party-libraries\boost</Filter>
    </ClInclude>
    <ClInclude Include="externals\boost\boost\asio.hpp">
      <Filter>02.Third-party-libraries\boost</Filter>
    </ClInclude>
    <ClInclude Include="externals\boost\boost\assert.hpp">
      <Filter>02.Third-party-libraries\boost</Filter>
    </ClInclude>
    <ClInclude Include="externals\boost\boost\assign.hpp">
      <Filter>02.Third-party-libraries\boost</Filter>
    </ClInclude>
    <ClInclude Include="externals\boost\boost\atomic.hpp">
      <Filter>02.Third-party-libraries\boost</Filter>
    </ClInclude>
    <ClInclude Include="externals\boost\boost\bimap.hpp">
      <Filter>02.Third-party-libraries\boost</Filter>
    </ClInclude>
    <ClInclude Include="externals\boost\boost\bind.hpp">
      <Filter>02.Third-party-libraries\boost</Filter>
    </ClInclude>
    <ClInclude Include="externals\boost\boost\blank.hpp">
      <Filter>02.Third-party-libraries\boost</Filter>
    </ClInclude>
    <ClInclude Include="externals\boost\boost\blank_fwd.hpp">
      <Filter>02.Third-party-libraries\boost</Filter>
    </ClInclude>
    <ClInclude Include="externals\boost\boost\call_traits.hpp">
      <Filter>02.Third-party-libraries\boost</Filter>
    </ClInclude>
    <ClInclude Include="externals\boost\boost\cast.hpp">
      <Filter>02.Third-party-libraries\boost</Filter>
    </ClInclude>
    <ClInclude Include="externals\boost\boost\cerrno.hpp">
      <Filter>02.Third-party-libraries\boost</Filter>
    </ClInclude>
    <ClInclude Include="externals\boost\boost\checked_delete.hpp">
      <Filter>02.Third-party-libraries\boost</Filter>
    </ClInclude>
    <ClInclude Include="externals\boost\boost\chrono.hpp">
      <Filter>02.Third-party-libraries\boost</Filter>
    </ClInclude>
    <ClInclude Include="externals\boost\boost\circular_buffer.hpp">
      <Filter>02.Third-party-libraries\boost</Filter>
    </ClInclude>
    <ClInclude Include="externals\boost\boost\circular_buffer_fwd.hpp">
      <Filter>02.Third-party-libraries\boost</Filter>
    </ClInclude>
    <ClInclude Include="externals\boost\boost\compressed_pair.hpp">
      <Filter>02.Third-party-libraries\boost</Filter>
    </ClInclude>
    <ClInclude Include="externals\boost\boost\concept_archetype.hpp">
      <Filter>02.Third-party-libraries\boost</Filter>
    </ClInclude>
    <ClInclude Include="externals\boost\boost\concept_check.hpp">
      <Filter>02.Third-party-libraries\boost</Filter>
    </ClInclude>
    <ClInclude Include="externals\boost\boost\config.hpp">
      <Filter>02.Third-party-libraries\boost</Filter>
    </ClInclude>
    <ClInclude Include="externals\boost\boost\convert.hpp">
      <Filter>02.Third-party-libraries\boost</Filter>
    </ClInclude>
    <ClInclude Include="externals\boost\boost\crc.hpp">
      <Filter>02.Third-party-libraries\boost</Filter>
    </ClInclude>
    <ClInclude Include="externals\boost\boost\cregex.hpp">
      <Filter>02.Third-party-libraries\boost</Filter>
    </ClInclude>
    <ClInclude Include="externals\boost\boost\cstdfloat.hpp">
      <Filter>02.Third-party-libraries\boost</Filter>
    </ClInclude>
    <ClInclude Include="externals\boost\boost\cstdint.hpp">
      <Filter>02.Third-party-libraries\boost</Filter>
    </ClInclude>
    <ClInclude Include="externals\boost\boost\cstdlib.hpp">
      <Filter>02.Third-party-libraries\boost</Filter>
    </ClInclude>
    <ClInclude Include="externals\boost\boost\current_function.hpp">
      <Filter>02.Third-party-libraries\boost</Filter>
    </ClInclude>
    <ClInclude Include="externals\boost\boost\cxx11_char_types.hpp">
      <Filter>02.Third-party-libraries\boost</Filter>
    </ClInclude>
    <ClInclude Include="externals\boost\boost\date_time.hpp">
      <Filter>02.Third-party-libraries\boost</Filter>
    </ClInclude>
    <ClInclude Include="externals\boost\boost\dynamic_bitset.hpp">
      <Filter>02.Third-party-libraries\boost</Filter>
    </ClInclude>
    <ClInclude Include="externals\boost\boost\dynamic_bitset_fwd.hpp">
      <Filter>02.Third-party-libraries\boost</Filter>
    </ClInclude>
    <ClInclude Include="externals\boost\boost\enable_shared_from_this.hpp">
      <Filter>02.Third-party-libraries\boost</Filter>
    </ClInclude>
    <ClInclude Include="externals\boost\boost\exception_ptr.hpp">
      <Filter>02.Third-party-libraries\boost</Filter>
    </ClInclude>
    <ClInclude Include="externals\boost\boost\filesystem.hpp">
      <Filter>02.Third-party-libraries\boost</Filter>
    </ClInclude>
    <ClInclude Include="externals\boost\boost\flyweight.hpp">
      <Filter>02.Third-party-libraries\boost</Filter>
    </ClInclude>
    <ClInclude Include="externals\boost\boost\foreach.hpp">
      <Filter>02.Third-party-libraries\boost</Filter>
    </ClInclude>
    <ClInclude Include="externals\boost\boost\foreach_fwd.hpp">
      <Filter>02.Third-party-libraries\boost</Filter>
    </ClInclude>
    <ClInclude Include="externals\boost\boost\format.hpp">
      <Filter>02.Third-party-libraries\boost</Filter>
    </ClInclude>
    <ClInclude Include="externals\boost\boost\function.hpp">
      <Filter>02.Third-party-libraries\boost</Filter>
    </ClInclude>
    <ClInclude Include="externals\boost\boost\function_equal.hpp">
      <Filter>02.Third-party-libraries\boost</Filter>
    </ClInclude>
    <ClInclude Include="externals\boost\boost\function_output_iterator.hpp">
      <Filter>02.Third-party-libraries\boost</Filter>
    </ClInclude>
    <ClInclude Include="externals\boost\boost\functional.hpp">
      <Filter>02.Third-party-libraries\boost</Filter>
    </ClInclude>
    <ClInclude Include="externals\boost\boost\generator_iterator.hpp">
      <Filter>02.Third-party-libraries\boost</Filter>
    </ClInclude>
    <ClInclude Include="externals\boost\boost\geometry.hpp">
      <Filter>02.Third-party-libraries\boost</Filter>
    </ClInclude>
    <ClInclude Include="externals\boost\boost\get_pointer.hpp">
      <Filter>02.Third-party-libraries\boost</Filter>
    </ClInclude>
    <ClInclude Include="externals\boost\boost\implicit_cast.hpp">
      <Filter>02.Third-party-libraries\boost</Filter>
    </ClInclude>
    <ClInclude Include="externals\boost\boost\indirect_reference.hpp">
      <Filter>02.Third-party-libraries\boost</Filter>
    </ClInclude>
    <ClInclude Include="externals\boost\boost\integer.hpp">
      <Filter>02.Third-party-libraries\boost</Filter>
    </ClInclude>
    <ClInclude Include="externals\boost\boost\integer_fwd.hpp">
      <Filter>02.Third-party-libraries\boost</Filter>
    </ClInclude>
    <ClInclude Include="externals\boost\boost\integer_traits.hpp">
      <Filter>02.Third-party-libraries\boost</Filter>
    </ClInclude>
    <ClInclude Include="externals\boost\boost\intrusive_ptr.hpp">
      <Filter>02.Third-party-libraries\boost</Filter>
    </ClInclude>
    <ClInclude Include="externals\boost\boost\io_fwd.hpp">
      <Filter>02.Third-party-libraries\boost</Filter>
    </ClInclude>
    <ClInclude Include="externals\boost\boost\is_placeholder.hpp">
      <Filter>02.Third-party-libraries\boost</Filter>
    </ClInclude>
    <ClInclude Include="externals\boost\boost\iterator.hpp">
      <Filter>02.Third-party-libraries\boost</Filter>
    </ClInclude>
    <ClInclude Include="externals\boost\boost\iterator_adaptors.hpp">
      <Filter>02.Third-party-libraries\boost</Filter>
    </ClInclude>
    <ClInclude Include="externals\boost\boost\last_value.hpp">
      <Filter>02.Third-party-libraries\boost</Filter>
    </ClInclude>
    <ClInclude Include="externals\boost\boost\lexical_cast.hpp">
      <Filter>02.Third-party-libraries\boost</Filter>
    </ClInclude>
    <ClInclude Include="externals\boost\boost\limits.hpp">
      <Filter>02.Third-party-libraries\boost</Filter>
    </ClInclude>
    <ClInclude Include="externals\boost\boost\local_function.hpp">
      <Filter>02.Third-party-libraries\boost</Filter>
    </ClInclude>
    <ClInclude Include="externals\boost\boost\locale.hpp">
      <Filter>02.Third-party-libraries\boost</Filter>
    </ClInclude>
    <ClInclude Include="externals\boost\boost\make_default.hpp">
      <Filter>02.Third-party-libraries\boost</Filter>
    </ClInclude>
    <ClInclude Include="externals\boost\boost\make_shared.hpp">
      <Filter>02.Third-party-libraries\boost</Filter>
    </ClInclude>
    <ClInclude Include="externals\boost\boost\make_unique.hpp">
      <Filter>02.Third-party-libraries\boost</Filter>
    </ClInclude>
    <ClInclude Include="externals\boost\boost\math_fwd.hpp">
      <Filter>02.Third-party-libraries\boost</Filter>
    </ClInclude>
    <ClInclude Include="externals\boost\boost\mem_fn.hpp">
      <Filter>02.Third-party-libraries\boost</Filter>
    </ClInclude>
    <ClInclude Include="externals\boost\boost\memory_order.hpp">
      <Filter>02.Third-party-libraries\boost</Filter>
    </ClInclude>
    <ClInclude Include="externals\boost\boost\mpi.hpp">
      <Filter>02.Third-party-libraries\boost</Filter>
    </ClInclude>
    <ClInclude Include="externals\boost\boost\multi_array.hpp">
      <Filter>02.Third-party-libraries\boost</Filter>
    </ClInclude>
    <ClInclude Include="externals\boost\boost\multi_index_container.hpp">
      <Filter>02.Third-party-libraries\boost</Filter>
    </ClInclude>
    <ClInclude Include="externals\boost\boost\multi_index_container_fwd.hpp">
      <Filter>02.Third-party-libraries\boost</Filter>
    </ClInclude>
    <ClInclude Include="externals\boost\boost\next_prior.hpp">
      <Filter>02.Third-party-libraries\boost</Filter>
    </ClInclude>
    <ClInclude Include="externals\boost\boost\non_type.hpp">
      <Filter>02.Third-party-libraries\boost</Filter>
    </ClInclude>
    <ClInclude Include="externals\boost\boost\noncopyable.hpp">
      <Filter>02.Third-party-libraries\boost</Filter>
    </ClInclude>
    <ClInclude Include="externals\boost\boost\nondet_random.hpp">
      <Filter>02.Third-party-libraries\boost</Filter>
    </ClInclude>
    <ClInclude Include="externals\boost\boost\none.hpp">
      <Filter>02.Third-party-libraries\boost</Filter>
    </ClInclude>
    <ClInclude Include="externals\boost\boost\none_t.hpp">
      <Filter>02.Third-party-libraries\boost</Filter>
    </ClInclude>
    <ClInclude Include="externals\boost\boost\operators.hpp">
      <Filter>02.Third-party-libraries\boost</Filter>
    </ClInclude>
    <ClInclude Include="externals\boost\boost\optional.hpp">
      <Filter>02.Third-party-libraries\boost</Filter>
    </ClInclude>
    <ClInclude Include="externals\boost\boost\parameter.hpp">
      <Filter>02.Third-party-libraries\boost</Filter>
    </ClInclude>
    <ClInclude Include="externals\boost\boost\phoenix.hpp">
      <Filter>02.Third-party-libraries\boost</Filter>
    </ClInclude>
    <ClInclude Include="externals\boost\boost\pointee.hpp">
      <Filter>02.Third-party-libraries\boost</Filter>
    </ClInclude>
    <ClInclude Include="externals\boost\boost\pointer_cast.hpp">
      <Filter>02.Third-party-libraries\boost</Filter>
    </ClInclude>
    <ClInclude Include="externals\boost\boost\pointer_to_other.hpp">
      <Filter>02.Third-party-libraries\boost</Filter>
    </ClInclude>
    <ClInclude Include="externals\boost\boost\polymorphic_cast.hpp">
      <Filter>02.Third-party-libraries\boost</Filter>
    </ClInclude>
    <ClInclude Include="externals\boost\boost\polymorphic_pointer_cast.hpp">
      <Filter>02.Third-party-libraries\boost</Filter>
    </ClInclude>
    <ClInclude Include="externals\boost\boost\predef.h">
      <Filter>02.Third-party-libraries\boost</Filter>
    </ClInclude>
    <ClInclude Include="externals\boost\boost\preprocessor.hpp">
      <Filter>02.Third-party-libraries\boost</Filter>
    </ClInclude>
    <ClInclude Include="externals\boost\boost\program_options.hpp">
      <Filter>02.Third-party-libraries\boost</Filter>
    </ClInclude>
    <ClInclude Include="externals\boost\boost\progress.hpp">
      <Filter>02.Third-party-libraries\boost</Filter>
    </ClInclude>
    <ClInclude Include="externals\boost\boost\python.hpp">
      <Filter>02.Third-party-libraries\boost</Filter>
    </ClInclude>
    <ClInclude Include="externals\boost\boost\random.hpp">
      <Filter>02.Third-party-libraries\boost</Filter>
    </ClInclude>
    <ClInclude Include="externals\boost\boost\range.hpp">
      <Filter>02.Third-party-libraries\boost</Filter>
    </ClInclude>
    <ClInclude Include="externals\boost\boost\ratio.hpp">
      <Filter>02.Third-party-libraries\boost</Filter>
    </ClInclude>
    <ClInclude Include="externals\boost\boost\rational.hpp">
      <Filter>02.Third-party-libraries\boost</Filter>
    </ClInclude>
    <ClInclude Include="externals\boost\boost\ref.hpp">
      <Filter>02.Third-party-libraries\boost</Filter>
    </ClInclude>
    <ClInclude Include="externals\boost\boost\regex.h">
      <Filter>02.Third-party-libraries\boost</Filter>
    </ClInclude>
    <ClInclude Include="externals\boost\boost\regex.hpp">
      <Filter>02.Third-party-libraries\boost</Filter>
    </ClInclude>
    <ClInclude Include="externals\boost\boost\regex_fwd.hpp">
      <Filter>02.Third-party-libraries\boost</Filter>
    </ClInclude>
    <ClInclude Include="externals\boost\boost\scope_exit.hpp">
      <Filter>02.Third-party-libraries\boost</Filter>
    </ClInclude>
    <ClInclude Include="externals\boost\boost\scoped_array.hpp">
      <Filter>02.Third-party-libraries\boost</Filter>
    </ClInclude>
    <ClInclude Include="externals\boost\boost\scoped_ptr.hpp">
      <Filter>02.Third-party-libraries\boost</Filter>
    </ClInclude>
    <ClInclude Include="externals\boost\boost\shared_array.hpp">
      <Filter>02.Third-party-libraries\boost</Filter>
    </ClInclude>
    <ClInclude Include="externals\boost\boost\shared_container_iterator.hpp">
      <Filter>02.Third-party-libraries\boost</Filter>
    </ClInclude>
    <ClInclude Include="externals\boost\boost\shared_ptr.hpp">
      <Filter>02.Third-party-libraries\boost</Filter>
    </ClInclude>
    <ClInclude Include="externals\boost\boost\signal.hpp">
      <Filter>02.Third-party-libraries\boost</Filter>
    </ClInclude>
    <ClInclude Include="externals\boost\boost\signals.hpp">
      <Filter>02.Third-party-libraries\boost</Filter>
    </ClInclude>
    <ClInclude Include="externals\boost\boost\signals2.hpp">
      <Filter>02.Third-party-libraries\boost</Filter>
    </ClInclude>
    <ClInclude Include="externals\boost\boost\smart_ptr.hpp">
      <Filter>02.Third-party-libraries\boost</Filter>
    </ClInclude>
    <ClInclude Include="externals\boost\boost\spirit.hpp">
      <Filter>02.Third-party-libraries\boost</Filter>
    </ClInclude>
    <ClInclude Include="externals\boost\boost\static_assert.hpp">
      <Filter>02.Third-party-libraries\boost</Filter>
    </ClInclude>
    <ClInclude Include="externals\boost\boost\swap.hpp">
      <Filter>02.Third-party-libraries\boost</Filter>
    </ClInclude>
    <ClInclude Include="externals\boost\boost\thread.hpp">
      <Filter>02.Third-party-libraries\boost</Filter>
    </ClInclude>
    <ClInclude Include="externals\boost\boost\throw_exception.hpp">
      <Filter>02.Third-party-libraries\boost</Filter>
    </ClInclude>
    <ClInclude Include="externals\boost\boost\timer.hpp">
      <Filter>02.Third-party-libraries\boost</Filter>
    </ClInclude>
    <ClInclude Include="externals\boost\boost\token_functions.hpp">
      <Filter>02.Third-party-libraries\boost</Filter>
    </ClInclude>
    <ClInclude Include="externals\boost\boost\token_iterator.hpp">
      <Filter>02.Third-party-libraries\boost</Filter>
    </ClInclude>
    <ClInclude Include="externals\boost\boost\tokenizer.hpp">
      <Filter>02.Third-party-libraries\boost</Filter>
    </ClInclude>
    <ClInclude Include="externals\boost\boost\type.hpp">
      <Filter>02.Third-party-libraries\boost</Filter>
    </ClInclude>
    <ClInclude Include="externals\boost\boost\type_index.hpp">
      <Filter>02.Third-party-libraries\boost</Filter>
    </ClInclude>
    <ClInclude Include="externals\boost\boost\type_traits.hpp">
      <Filter>02.Third-party-libraries\boost</Filter>
    </ClInclude>
    <ClInclude Include="externals\boost\boost\unordered_map.hpp">
      <Filter>02.Third-party-libraries\boost</Filter>
    </ClInclude>
    <ClInclude Include="externals\boost\boost\unordered_set.hpp">
      <Filter>02.Third-party-libraries\boost</Filter>
    </ClInclude>
    <ClInclude Include="externals\boost\boost\utility.hpp">
      <Filter>02.Third-party-libraries\boost</Filter>
    </ClInclude>
    <ClInclude Include="externals\boost\boost\variant.hpp">
      <Filter>02.Third-party-libraries\boost</Filter>
    </ClInclude>
    <ClInclude Include="externals\boost\boost\version.hpp">
      <Filter>02.Third-party-libraries\boost</Filter>
    </ClInclude>
    <ClInclude Include="externals\boost\boost\visit_each.hpp">
      <Filter>02.Third-party-libraries\boost</Filter>
    </ClInclude>
    <ClInclude Include="externals\boost\boost\wave.hpp">
      <Filter>02.Third-party-libraries\boost</Filter>
    </ClInclude>
    <ClInclude Include="externals\boost\boost\weak_ptr.hpp">
      <Filter>02.Third-party-libraries\boost</Filter>
    </ClInclude>
    <ClInclude Include="include\C_AANeuron.h">
      <Filter>05.CRefCode</Filter>
    </ClInclude>
    <ClInclude Include="externals\python3.5.1\include\abstract.h">
      <Filter>02.Third-party-libraries\python3.5.1</Filter>
    </ClInclude>
    <ClInclude Include="externals\python3.5.1\include\accu.h">
      <Filter>02.Third-party-libraries\python3.5.1</Filter>
    </ClInclude>
    <ClInclude Include="externals\python3.5.1\include\archive.h">
      <Filter>02.Third-party-libraries\python3.5.1</Filter>
    </ClInclude>
    <ClInclude Include="externals\python3.5.1\include\asdl.h">
      <Filter>02.Third-party-libraries\python3.5.1</Filter>
    </ClInclude>
    <ClInclude Include="externals\python3.5.1\include\ast.h">
      <Filter>02.Third-party-libraries\python3.5.1</Filter>
    </ClInclude>
    <ClInclude Include="externals\python3.5.1\include\bitset.h">
      <Filter>02.Third-party-libraries\python3.5.1</Filter>
    </ClInclude>
    <ClInclude Include="externals\python3.5.1\include\bltinmodule.h">
      <Filter>02.Third-party-libraries\python3.5.1</Filter>
    </ClInclude>
    <ClInclude Include="externals\python3.5.1\include\boolobject.h">
      <Filter>02.Third-party-libraries\python3.5.1</Filter>
    </ClInclude>
    <ClInclude Include="externals\python3.5.1\include\bytearrayobject.h">
      <Filter>02.Third-party-libraries\python3.5.1</Filter>
    </ClInclude>
    <ClInclude Include="externals\python3.5.1\include\bytes_methods.h">
      <Filter>02.Third-party-libraries\python3.5.1</Filter>
    </ClInclude>
    <ClInclude Include="externals\python3.5.1\include\bytesobject.h">
      <Filter>02.Third-party-libraries\python3.5.1</Filter>
    </ClInclude>
    <ClInclude Include="externals\python3.5.1\include\cellobject.h">
      <Filter>02.Third-party-libraries\python3.5.1</Filter>
    </ClInclude>
    <ClInclude Include="externals\python3.5.1\include\ceval.h">
      <Filter>02.Third-party-libraries\python3.5.1</Filter>
    </ClInclude>
    <ClInclude Include="externals\python3.5.1\include\classobject.h">
      <Filter>02.Third-party-libraries\python3.5.1</Filter>
    </ClInclude>
    <ClInclude Include="externals\python3.5.1\include\code.h">
      <Filter>02.Third-party-libraries\python3.5.1</Filter>
    </ClInclude>
    <ClInclude Include="externals\python3.5.1\include\codecs.h">
      <Filter>02.Third-party-libraries\python3.5.1</Filter>
    </ClInclude>
    <ClInclude Include="externals\python3.5.1\include\compile.h">
      <Filter>02.Third-party-libraries\python3.5.1</Filter>
    </ClInclude>
    <ClInclude Include="externals\python3.5.1\include\complexobject.h">
      <Filter>02.Third-party-libraries\python3.5.1</Filter>
    </ClInclude>
    <ClInclude Include="externals\python3.5.1\include\datetime.h">
      <Filter>02.Third-party-libraries\python3.5.1</Filter>
    </ClInclude>
    <ClInclude Include="externals\python3.5.1\include\descrobject.h">
      <Filter>02.Third-party-libraries\python3.5.1</Filter>
    </ClInclude>
    <ClInclude Include="externals\python3.5.1\include\dictobject.h">
      <Filter>02.Third-party-libraries\python3.5.1</Filter>
    </ClInclude>
    <ClInclude Include="externals\python3.5.1\include\dtoa.h">
      <Filter>02.Third-party-libraries\python3.5.1</Filter>
    </ClInclude>
    <ClInclude Include="externals\python3.5.1\include\dynamic_annotations.h">
      <Filter>02.Third-party-libraries\python3.5.1</Filter>
    </ClInclude>
    <ClInclude Include="externals\python3.5.1\include\enumobject.h">
      <Filter>02.Third-party-libraries\python3.5.1</Filter>
    </ClInclude>
    <ClInclude Include="externals\python3.5.1\include\errcode.h">
      <Filter>02.Third-party-libraries\python3.5.1</Filter>
    </ClInclude>
    <ClInclude Include="externals\python3.5.1\include\errmap.h">
      <Filter>02.Third-party-libraries\python3.5.1</Filter>
    </ClInclude>
    <ClInclude Include="externals\python3.5.1\include\eval.h">
      <Filter>02.Third-party-libraries\python3.5.1</Filter>
    </ClInclude>
    <ClInclude Include="externals\python3.5.1\include\fileobject.h">
      <Filter>02.Third-party-libraries\python3.5.1</Filter>
    </ClInclude>
    <ClInclude Include="externals\python3.5.1\include\fileutils.h">
      <Filter>02.Third-party-libraries\python3.5.1</Filter>
    </ClInclude>
    <ClInclude Include="externals\python3.5.1\include\floatobject.h">
      <Filter>02.Third-party-libraries\python3.5.1</Filter>
    </ClInclude>
    <ClInclude Include="externals\python3.5.1\include\frameobject.h">
      <Filter>02.Third-party-libraries\python3.5.1</Filter>
    </ClInclude>
    <ClInclude Include="externals\python3.5.1\include\funcobject.h">
      <Filter>02.Third-party-libraries\python3.5.1</Filter>
    </ClInclude>
    <ClInclude Include="externals\python3.5.1\include\genobject.h">
      <Filter>02.Third-party-libraries\python3.5.1</Filter>
    </ClInclude>
    <ClInclude Include="externals\python3.5.1\include\graminit.h">
      <Filter>02.Third-party-libraries\python3.5.1</Filter>
    </ClInclude>
    <ClInclude Include="externals\python3.5.1\include\grammar.h">
      <Filter>02.Third-party-libraries\python3.5.1</Filter>
    </ClInclude>
    <ClInclude Include="externals\python3.5.1\include\import.h">
      <Filter>02.Third-party-libraries\python3.5.1</Filter>
    </ClInclude>
    <ClInclude Include="externals\python3.5.1\include\intrcheck.h">
      <Filter>02.Third-party-libraries\python3.5.1</Filter>
    </ClInclude>
    <ClInclude Include="externals\python3.5.1\include\iterobject.h">
      <Filter>02.Third-party-libraries\python3.5.1</Filter>
    </ClInclude>
    <ClInclude Include="externals\python3.5.1\include\listobject.h">
      <Filter>02.Third-party-libraries\python3.5.1</Filter>
    </ClInclude>
    <ClInclude Include="externals\python3.5.1\include\longintrepr.h">
      <Filter>02.Third-party-libraries\python3.5.1</Filter>
    </ClInclude>
    <ClInclude Include="externals\python3.5.1\include\longobject.h">
      <Filter>02.Third-party-libraries\python3.5.1</Filter>
    </ClInclude>
    <ClInclude Include="externals\python3.5.1\include\marshal.h">
      <Filter>02.Third-party-libraries\python3.5.1</Filter>
    </ClInclude>
    <ClInclude Include="externals\python3.5.1\include\memoryobject.h">
      <Filter>02.Third-party-libraries\python3.5.1</Filter>
    </ClInclude>
    <ClInclude Include="externals\python3.5.1\include\metagrammar.h">
      <Filter>02.Third-party-libraries\python3.5.1</Filter>
    </ClInclude>
    <ClInclude Include="externals\python3.5.1\include\methodobject.h">
      <Filter>02.Third-party-libraries\python3.5.1</Filter>
    </ClInclude>
    <ClInclude Include="externals\python3.5.1\include\modsupport.h">
      <Filter>02.Third-party-libraries\python3.5.1</Filter>
    </ClInclude>
    <ClInclude Include="externals\python3.5.1\include\moduleobject.h">
      <Filter>02.Third-party-libraries\python3.5.1</Filter>
    </ClInclude>
    <ClInclude Include="externals\python3.5.1\include\msvcrtmodule.c.h">
      <Filter>02.Third-party-libraries\python3.5.1</Filter>
    </ClInclude>
    <ClInclude Include="externals\python3.5.1\include\namespaceobject.h">
      <Filter>02.Third-party-libraries\python3.5.1</Filter>
    </ClInclude>
    <ClInclude Include="externals\python3.5.1\include\node.h">
      <Filter>02.Third-party-libraries\python3.5.1</Filter>
    </ClInclude>
    <ClInclude Include="externals\python3.5.1\include\object.h">
      <Filter>02.Third-party-libraries\python3.5.1</Filter>
    </ClInclude>
    <ClInclude Include="externals\python3.5.1\include\objimpl.h">
      <Filter>02.Third-party-libraries\python3.5.1</Filter>
    </ClInclude>
    <ClInclude Include="externals\python3.5.1\include\odictobject.h">
      <Filter>02.Third-party-libraries\python3.5.1</Filter>
    </ClInclude>
    <ClInclude Include="externals\python3.5.1\include\opcode.h">
      <Filter>02.Third-party-libraries\python3.5.1</Filter>
    </ClInclude>
    <ClInclude Include="externals\python3.5.1\include\osdefs.h">
      <Filter>02.Third-party-libraries\python3.5.1</Filter>
    </ClInclude>
    <ClInclude Include="externals\python3.5.1\include\parsetok.h">
      <Filter>02.Third-party-libraries\python3.5.1</Filter>
    </ClInclude>
    <ClInclude Include="externals\python3.5.1\include\patchlevel.h">
      <Filter>02.Third-party-libraries\python3.5.1</Filter>
    </ClInclude>
    <ClInclude Include="externals\python3.5.1\include\pgen.h">
      <Filter>02.Third-party-libraries\python3.5.1</Filter>
    </ClInclude>
    <ClInclude Include="externals\python3.5.1\include\pgenheaders.h">
      <Filter>02.Third-party-libraries\python3.5.1</Filter>
    </ClInclude>
    <ClInclude Include="externals\python3.5.1\include\py_curses.h">
      <Filter>02.Third-party-libraries\python3.5.1</Filter>
    </ClInclude>
    <ClInclude Include="externals\python3.5.1\include\pyarena.h">
      <Filter>02.Third-party-libraries\python3.5.1</Filter>
    </ClInclude>
    <ClInclude Include="externals\python3.5.1\include\pyatomic.h">
      <Filter>02.Third-party-libraries\python3.5.1</Filter>
    </ClInclude>
    <ClInclude Include="externals\python3.5.1\include\pycapsule.h">
      <Filter>02.Third-party-libraries\python3.5.1</Filter>
    </ClInclude>
    <ClInclude Include="externals\python3.5.1\include\pyconfig.h">
      <Filter>02.Third-party-libraries\python3.5.1</Filter>
    </ClInclude>
    <ClInclude Include="externals\python3.5.1\include\pyctype.h">
      <Filter>02.Third-party-libraries\python3.5.1</Filter>
    </ClInclude>
    <ClInclude Include="externals\python3.5.1\include\pydebug.h">
      <Filter>02.Third-party-libraries\python3.5.1</Filter>
    </ClInclude>
    <ClInclude Include="externals\python3.5.1\include\pyerrors.h">
      <Filter>02.Third-party-libraries\python3.5.1</Filter>
    </ClInclude>
    <ClInclude Include="externals\python3.5.1\include\pyexpat.h">
      <Filter>02.Third-party-libraries\python3.5.1</Filter>
    </ClInclude>
    <ClInclude Include="externals\python3.5.1\include\pyfpe.h">
      <Filter>02.Third-party-libraries\python3.5.1</Filter>
    </ClInclude>
    <ClInclude Include="externals\python3.5.1\include\pygetopt.h">
      <Filter>02.Third-party-libraries\python3.5.1</Filter>
    </ClInclude>
    <ClInclude Include="externals\python3.5.1\include\pyhash.h">
      <Filter>02.Third-party-libraries\python3.5.1</Filter>
    </ClInclude>
    <ClInclude Include="externals\python3.5.1\include\pylifecycle.h">
      <Filter>02.Third-party-libraries\python3.5.1</Filter>
    </ClInclude>
    <ClInclude Include="externals\python3.5.1\include\pymacconfig.h">
      <Filter>02.Third-party-libraries\python3.5.1</Filter>
    </ClInclude>
    <ClInclude Include="externals\python3.5.1\include\pymacro.h">
      <Filter>02.Third-party-libraries\python3.5.1</Filter>
    </ClInclude>
    <ClInclude Include="externals\python3.5.1\include\pymath.h">
      <Filter>02.Third-party-libraries\python3.5.1</Filter>
    </ClInclude>
    <ClInclude Include="externals\python3.5.1\include\pymem.h">
      <Filter>02.Third-party-libraries\python3.5.1</Filter>
    </ClInclude>
    <ClInclude Include="externals\python3.5.1\include\pyport.h">
      <Filter>02.Third-party-libraries\python3.5.1</Filter>
    </ClInclude>
    <ClInclude Include="externals\python3.5.1\include\pystate.h">
      <Filter>02.Third-party-libraries\python3.5.1</Filter>
    </ClInclude>
    <ClInclude Include="externals\python3.5.1\include\pystrcmp.h">
      <Filter>02.Third-party-libraries\python3.5.1</Filter>
    </ClInclude>
    <ClInclude Include="externals\python3.5.1\include\pystrhex.h">
      <Filter>02.Third-party-libraries\python3.5.1</Filter>
    </ClInclude>
    <ClInclude Include="externals\python3.5.1\include\pystrtod.h">
      <Filter>02.Third-party-libraries\python3.5.1</Filter>
    </ClInclude>
    <ClInclude Include="externals\python3.5.1\include\Python.h">
      <Filter>02.Third-party-libraries\python3.5.1</Filter>
    </ClInclude>
    <ClInclude Include="externals\python3.5.1\include\python_ver_rc.h">
      <Filter>02.Third-party-libraries\python3.5.1</Filter>
    </ClInclude>
    <ClInclude Include="externals\python3.5.1\include\Python-ast.h">
      <Filter>02.Third-party-libraries\python3.5.1</Filter>
    </ClInclude>
    <ClInclude Include="externals\python3.5.1\include\pythonnt_rc.h">
      <Filter>02.Third-party-libraries\python3.5.1</Filter>
    </ClInclude>
    <ClInclude Include="externals\python3.5.1\include\pythonnt_rc_d.h">
      <Filter>02.Third-party-libraries\python3.5.1</Filter>
    </ClInclude>
    <ClInclude Include="externals\python3.5.1\include\pythonrun.h">
      <Filter>02.Third-party-libraries\python3.5.1</Filter>
    </ClInclude>
    <ClInclude Include="externals\python3.5.1\include\pythread.h">
      <Filter>02.Third-party-libraries\python3.5.1</Filter>
    </ClInclude>
    <ClInclude Include="externals\python3.5.1\include\pytime.h">
      <Filter>02.Third-party-libraries\python3.5.1</Filter>
    </ClInclude>
    <ClInclude Include="externals\python3.5.1\include\rangeobject.h">
      <Filter>02.Third-party-libraries\python3.5.1</Filter>
    </ClInclude>
    <ClInclude Include="externals\python3.5.1\include\resource.h">
      <Filter>02.Third-party-libraries\python3.5.1</Filter>
    </ClInclude>
    <ClInclude Include="externals\python3.5.1\include\setobject.h">
      <Filter>02.Third-party-libraries\python3.5.1</Filter>
    </ClInclude>
    <ClInclude Include="externals\python3.5.1\include\sliceobject.h">
      <Filter>02.Third-party-libraries\python3.5.1</Filter>
    </ClInclude>
    <ClInclude Include="externals\python3.5.1\include\structmember.h">
      <Filter>02.Third-party-libraries\python3.5.1</Filter>
    </ClInclude>
    <ClInclude Include="externals\python3.5.1\include\structseq.h">
      <Filter>02.Third-party-libraries\python3.5.1</Filter>
    </ClInclude>
    <ClInclude Include="externals\python3.5.1\include\symtable.h">
      <Filter>02.Third-party-libraries\python3.5.1</Filter>
    </ClInclude>
    <ClInclude Include="externals\python3.5.1\include\sysmodule.h">
      <Filter>02.Third-party-libraries\python3.5.1</Filter>
    </ClInclude>
    <ClInclude Include="externals\python3.5.1\include\token.h">
      <Filter>02.Third-party-libraries\python3.5.1</Filter>
    </ClInclude>
    <ClInclude Include="externals\python3.5.1\include\traceback.h">
      <Filter>02.Third-party-libraries\python3.5.1</Filter>
    </ClInclude>
    <ClInclude Include="externals\python3.5.1\include\tupleobject.h">
      <Filter>02.Third-party-libraries\python3.5.1</Filter>
    </ClInclude>
    <ClInclude Include="externals\python3.5.1\include\typeslots.h">
      <Filter>02.Third-party-libraries\python3.5.1</Filter>
    </ClInclude>
    <ClInclude Include="externals\python3.5.1\include\ucnhash.h">
      <Filter>02.Third-party-libraries\python3.5.1</Filter>
    </ClInclude>
    <ClInclude Include="externals\python3.5.1\include\unicodeobject.h">
      <Filter>02.Third-party-libraries\python3.5.1</Filter>
    </ClInclude>
    <ClInclude Include="externals\python3.5.1\include\warnings.h">
      <Filter>02.Third-party-libraries\python3.5.1</Filter>
    </ClInclude>
    <ClInclude Include="externals\python3.5.1\include\weakrefobject.h">
      <Filter>02.Third-party-libraries\python3.5.1</Filter>
    </ClInclude>
    <ClInclude Include="externals\python3.5.1\include\winreg.c.h">
      <Filter>02.Third-party-libraries\python3.5.1</Filter>
    </ClInclude>
    <ClInclude Include="externals\python3.5.1\include\winsound.c.h">
      <Filter>02.Third-party-libraries\python3.5.1</Filter>
    </ClInclude>
    <ClInclude Include="include\ArmyAntLib.h">
      <Filter>04.CppLibCode</Filter>
    </ClInclude>
    <ClInclude Include="include\AASocket.h">
      <Filter>04.CppLibCode</Filter>
    </ClInclude>
    <ClInclude Include="include\AAConfiguration.h">
      <Filter>04.CppLibCode</Filter>
    </ClInclude>
    <ClInclude Include="include\AASocket%24ProtocolTypes">
      <Filter>04.CppLibCode</Filter>
    </ClInclude>
    <ClInclude Include="include\AAJNITools.h">
      <Filter>04.CppLibCode</Filter>
    </ClInclude>
  </ItemGroup>
  <ItemGroup>
    <ClCompile Include="src\AAFile.cpp">
      <Filter>04.CppLibCode</Filter>
    </ClCompile>
    <ClCompile Include="src\C_AAFile.cpp">
      <Filter>05.CRefCode</Filter>
    </ClCompile>
    <ClCompile Include="src\AAAes.cpp">
      <Filter>04.CppLibCode</Filter>
    </ClCompile>
    <ClCompile Include="src\C_AANeuron.cpp">
      <Filter>05.CRefCode</Filter>
    </ClCompile>
    <ClCompile Include="src\Java_AAFile.cpp">
      <Filter>06.JavaRefCode</Filter>
    </ClCompile>
    <ClCompile Include="src\Java_AANeuron.cpp">
      <Filter>06.JavaRefCode</Filter>
    </ClCompile>
    <ClCompile Include="src\AAPythonExport.cpp">
      <Filter>07.PythonRefCode</Filter>
    </ClCompile>
    <ClCompile Include="src\ArmyAntLib.cpp">
      <Filter>04.CppLibCode</Filter>
    </ClCompile>
    <ClCompile Include="src\AABinary.cpp">
      <Filter>04.CppLibCode</Filter>
    </ClCompile>
    <ClCompile Include="src\AASocket.cpp">
      <Filter>04.CppLibCode</Filter>
    </ClCompile>
    <ClCompile Include="src\AAJNITools.cpp">
      <Filter>04.CppLibCode</Filter>
    </ClCompile>
  </ItemGroup>
  <ItemGroup>
    <None Include="base\build_start.bat">
      <Filter>01.base</Filter>
    </None>
    <None Include="base\build_end.bat">
      <Filter>01.base</Filter>
    </None>
    <None Include="base\build_start.sh">
      <Filter>01.base</Filter>
    </None>
    <None Include="languages\Python\ArmyAnt.py">
      <Filter>07.PythonRefCode</Filter>
    </None>
    <None Include="base\build_end.sh">
      <Filter>01.base</Filter>
    </None>
    <None Include="languages\Java\buildJava.bat">
      <Filter>06.JavaRefCode</Filter>
    </None>
    <None Include="languages\Java\src\ArmyAnt\FileStream.java">
      <Filter>06.JavaRefCode</Filter>
    </None>
    <None Include="languages\Java\src\ArmyAnt\NeuronAlgorithm.java">
      <Filter>06.JavaRefCode</Filter>
    </None>
  </ItemGroup>
  <ItemGroup>
    <Text Include="CMakeLists.txt">
      <Filter>00.other-Projects</Filter>
    </Text>
    <Text Include="base\DeveloperReadme.txt">
      <Filter>0.docs</Filter>
    </Text>
    <Text Include="..\ReadMe.txt">
      <Filter>0.docs</Filter>
    </Text>
  </ItemGroup>
</Project>