<?xml version="1.0" encoding="utf-8"?>
<Project ToolsVersion="4.0" xmlns="http://schemas.microsoft.com/developer/msbuild/2003">
  <ItemGroup>
    <ClCompile Include="..\src\AAAes.cpp">
      <Filter>src</Filter>
    </ClCompile>
    <ClCompile Include="..\src\AABinary.cpp">
      <Filter>src</Filter>
    </ClCompile>
    <ClCompile Include="..\src\AAIStream.cpp">
      <Filter>src</Filter>
    </ClCompile>
    <ClCompile Include="..\src\AAIStream_File.cpp">
      <Filter>src</Filter>
    </ClCompile>
    <ClCompile Include="..\src\AAIStream_Memory.cpp">
      <Filter>src</Filter>
    </ClCompile>
    <ClCompile Include="..\src\AAJson.cpp">
      <Filter>src</Filter>
    </ClCompile>
    <ClCompile Include="..\src\AASocket.cpp">
      <Filter>src</Filter>
    </ClCompile>
    <ClCompile Include="..\src\ArmyAntLib.cpp">
      <Filter>src</Filter>
    </ClCompile>
    <ClCompile Include="..\src\C_AANeuron.cpp">
      <Filter>src</Filter>
    </ClCompile>
    <ClCompile Include="..\src\C_AAStream.cpp">
      <Filter>src</Filter>
    </ClCompile>
    <ClCompile Include="..\src\tool\AALog.cpp">
      <Filter>src</Filter>
    </ClCompile>
    <ClCompile Include="..\src\tool\AAString.cpp">
      <Filter>src</Filter>
    </ClCompile>
    <ClCompile Include="..\src\io\AAIStream.cpp">
      <Filter>src</Filter>
    </ClCompile>
    <ClCompile Include="..\src\io\AAIStream_File.cpp">
      <Filter>src</Filter>
    </ClCompile>
    <ClCompile Include="..\src\io\AAIStream_Memory.cpp">
      <Filter>src</Filter>
    </ClCompile>
    <ClCompile Include="..\src\io\AASocket.cpp">
      <Filter>src</Filter>
    </ClCompile>
    <ClCompile Include="..\src\io\AASqlClient.cpp">
      <Filter>src</Filter>
    </ClCompile>
    <ClCompile Include="..\src\io\C_AAStream.cpp">
      <Filter>src</Filter>
    </ClCompile>
    <ClCompile Include="..\src\data\AAAes.cpp">
      <Filter>src</Filter>
    </ClCompile>
    <ClCompile Include="..\src\data\AABinary.cpp">
      <Filter>src</Filter>
    </ClCompile>
    <ClCompile Include="..\src\data\AAJson.cpp">
      <Filter>src</Filter>
    </ClCompile>
    <ClCompile Include="..\src\base\ArmyAntLib.cpp">
      <Filter>src</Filter>
    </ClCompile>
    <ClCompile Include="..\src\algorithm\AASqlStructs.cpp">
      <Filter>src</Filter>
    </ClCompile>
    <ClCompile Include="..\src\algorithm\C_AANeuron.cpp">
      <Filter>src</Filter>
    </ClCompile>
  </ItemGroup>
  <ItemGroup>
    <Filter Include="src">
      <UniqueIdentifier>{03e20752-849d-4595-8132-32654b1b31e0}</UniqueIdentifier>
    </Filter>
    <Filter Include="inc">
      <UniqueIdentifier>{62020d39-9a69-4341-8140-9eec45e1808e}</UniqueIdentifier>
    </Filter>
    <Filter Include="innerInc">
      <UniqueIdentifier>{14d08196-b276-4ccc-83e1-71741afe6819}</UniqueIdentifier>
    </Filter>
  </ItemGroup>
  <ItemGroup>
    <ClInclude Include="..\inc\AA_end.h">
      <Filter>inc</Filter>
    </ClInclude>
    <ClInclude Include="..\inc\AA_start.h">
      <Filter>inc</Filter>
    </ClInclude>
    <ClInclude Include="..\inc\AAAes.h">
      <Filter>inc</Filter>
    </ClInclude>
    <ClInclude Include="..\inc\AABinary.h">
      <Filter>inc</Filter>
    </ClInclude>
    <ClInclude Include="..\inc\AAClassPrivateHandle.hpp">
      <Filter>inc</Filter>
    </ClInclude>
    <ClInclude Include="..\inc\AAConfiguration.h">
      <Filter>inc</Filter>
    </ClInclude>
    <ClInclude Include="..\inc\AADefine.h">
      <Filter>inc</Filter>
    </ClInclude>
    <ClInclude Include="..\inc\AADigraph.hpp">
      <Filter>inc</Filter>
    </ClInclude>
    <ClInclude Include="..\inc\AAFragment.h">
      <Filter>inc</Filter>
    </ClInclude>
    <ClInclude Include="..\inc\AAIStream.h">
      <Filter>inc</Filter>
    </ClInclude>
    <ClInclude Include="..\inc\AAIStream_Com.h">
      <Filter>inc</Filter>
    </ClInclude>
    <ClInclude Include="..\inc\AAIStream_File.h">
      <Filter>inc</Filter>
    </ClInclude>
    <ClInclude Include="..\inc\AAIStream_Memory.h">
      <Filter>inc</Filter>
    </ClInclude>
    <ClInclude Include="..\inc\AAIStream_Pipe.h">
      <Filter>inc</Filter>
    </ClInclude>
    <ClInclude Include="..\inc\AAJNITools.h">
      <Filter>inc</Filter>
    </ClInclude>
    <ClInclude Include="..\inc\AAJson.h">
      <Filter>inc</Filter>
    </ClInclude>
    <ClInclude Include="..\inc\AAMath.h">
      <Filter>inc</Filter>
    </ClInclude>
    <ClInclude Include="..\inc\AAMathStructs.h">
      <Filter>inc</Filter>
    </ClInclude>
    <ClInclude Include="..\inc\AAMessageQueue.h">
      <Filter>inc</Filter>
    </ClInclude>
    <ClInclude Include="..\inc\AANeuron.hpp">
      <Filter>inc</Filter>
    </ClInclude>
    <ClInclude Include="..\inc\AANeuronNetwork.hpp">
      <Filter>inc</Filter>
    </ClInclude>
    <ClInclude Include="..\inc\AASocket.h">
      <Filter>inc</Filter>
    </ClInclude>
    <ClInclude Include="..\inc\AAStateMachine.hpp">
      <Filter>inc</Filter>
    </ClInclude>
    <ClInclude Include="..\inc\AATree.hpp">
      <Filter>inc</Filter>
    </ClInclude>
    <ClInclude Include="..\inc\AATripleMap.hpp">
      <Filter>inc</Filter>
    </ClInclude>
    <ClInclude Include="..\inc\ArmyAnt.h">
      <Filter>inc</Filter>
    </ClInclude>
    <ClInclude Include="..\inc\ArmyAntLib.h">
      <Filter>inc</Filter>
    </ClInclude>
    <ClInclude Include="..\inc\C_AADefine.h">
      <Filter>inc</Filter>
    </ClInclude>
    <ClInclude Include="..\inc\C_AANeuron.h">
      <Filter>inc</Filter>
    </ClInclude>
    <ClInclude Include="..\inc\C_AAStream.h">
      <Filter>inc</Filter>
    </ClInclude>
    <ClInclude Include="..\inc\C_ArmyAnt.h">
      <Filter>inc</Filter>
    </ClInclude>
    <ClInclude Include="..\src\AAIStream_Private.hxx">
      <Filter>innerInc</Filter>
    </ClInclude>
    <ClInclude Include="..\src\base.hpp">
      <Filter>innerInc</Filter>
    </ClInclude>
    <ClInclude Include="..\src\io\AAIStream_Private.hxx">
      <Filter>src</Filter>
    </ClInclude>
    <ClInclude Include="..\inc\AALog.h">
      <Filter>inc</Filter>
    </ClInclude>
    <ClInclude Include="..\inc\AASqlClient.h">
      <Filter>inc</Filter>
    </ClInclude>
    <ClInclude Include="..\inc\AASqlStructs.h">
      <Filter>inc</Filter>
    </ClInclude>
    <ClInclude Include="..\inc\AAString.h">
      <Filter>inc</Filter>
    </ClInclude>
  </ItemGroup>
  <ItemGroup>
    <Text Include="..\inc\AASocket_ProtocolTypes.txt">
      <Filter>inc</Filter>
    </Text>
  </ItemGroup>
</Project>